
Microsoft Visual Studio Solution File, Format Version 12.00
# Visual Studio Version 16
VisualStudioVersion = 16.0.32929.386
MinimumVisualStudioVersion = 10.0.40219.1
Project("{2150E333-8FDC-42A3-9474-1A3956D46DE8}") = "Documents", "Documents", "{D4FCF209-5866-4836-B6E0-D6386593CA01}"
EndProject
Project("{2150E333-8FDC-42A3-9474-1A3956D46DE8}") = "Core", "Core", "{87A64277-8B41-4900-8207-0487B9EF7531}"
EndProject
Project("{2150E333-8FDC-42A3-9474-1A3956D46DE8}") = "Domain", "Domain", "{421CA3BF-EEB7-418C-9244-2DC93A59409C}"
EndProject
Project("{2150E333-8FDC-42A3-9474-1A3956D46DE8}") = "Test", "Test", "{12E87AAC-C27A-40A1-BBB8-177CF2D983C6}"
EndProject
Project("{FAE04EC0-301F-11D3-BF4B-00C04F79EFBC}") = "Entitys", "..\Entitys\Entitys.csproj", "{493DCE75-051C-4902-A098-2D69CC455310}"
EndProject
Project("{FAE04EC0-301F-11D3-BF4B-00C04F79EFBC}") = "Services", "..\Services\Services.csproj", "{A563FD75-36A6-47AB-8C74-08281059089F}"
EndProject
Project("{FAE04EC0-301F-11D3-BF4B-00C04F79EFBC}") = "TestProject", "..\TestProject\TestProject.csproj", "{98E86F7F-343B-4288-80C0-7279384AD189}"
EndProject
Project("{2150E333-8FDC-42A3-9474-1A3956D46DE8}") = "Source", "Source", "{4D3C7B57-BAC2-46D1-9991-9E7556AA982C}"
EndProject
Project("{2150E333-8FDC-42A3-9474-1A3956D46DE8}") = "Persistence", "Persistence", "{BA0A137C-50E1-4CF2-A96F-F13BAE68225A}"
EndProject
Project("{FAE04EC0-301F-11D3-BF4B-00C04F79EFBC}") = "DBContext", "..\DBContext\DBContext.csproj", "{F1F3DD73-C32D-4AB7-AA6B-2FAED7C174F9}"
EndProject
Project("{2150E333-8FDC-42A3-9474-1A3956D46DE8}") = "Peresentation", "Peresentation", "{004D921F-AA20-4389-9608-7ECBF2A19DDB}"
EndProject
Project("{FAE04EC0-301F-11D3-BF4B-00C04F79EFBC}") = "ConsoleApp", "..\ConsoleApp\ConsoleApp.csproj", "{02D7B78F-7BB3-42AE-AE88-F1B6BAD27F59}"
EndProject
Global
	GlobalSection(SolutionConfigurationPlatforms) = preSolution
		Debug|Any CPU = Debug|Any CPU
		Release|Any CPU = Release|Any CPU
	EndGlobalSection
	GlobalSection(ProjectConfigurationPlatforms) = postSolution
		{493DCE75-051C-4902-A098-2D69CC455310}.Debug|Any CPU.ActiveCfg = Debug|Any CPU
		{493DCE75-051C-4902-A098-2D69CC455310}.Debug|Any CPU.Build.0 = Debug|Any CPU
		{493DCE75-051C-4902-A098-2D69CC455310}.Release|Any CPU.ActiveCfg = Release|Any CPU
		{493DCE75-051C-4902-A098-2D69CC455310}.Release|Any CPU.Build.0 = Release|Any CPU
		{A563FD75-36A6-47AB-8C74-08281059089F}.Debug|Any CPU.ActiveCfg = Debug|Any CPU
		{A563FD75-36A6-47AB-8C74-08281059089F}.Debug|Any CPU.Build.0 = Debug|Any CPU
		{A563FD75-36A6-47AB-8C74-08281059089F}.Release|Any CPU.ActiveCfg = Release|Any CPU
		{A563FD75-36A6-47AB-8C74-08281059089F}.Release|Any CPU.Build.0 = Release|Any CPU
		{98E86F7F-343B-4288-80C0-7279384AD189}.Debug|Any CPU.ActiveCfg = Debug|Any CPU
		{98E86F7F-343B-4288-80C0-7279384AD189}.Debug|Any CPU.Build.0 = Debug|Any CPU
		{98E86F7F-343B-4288-80C0-7279384AD189}.Release|Any CPU.ActiveCfg = Release|Any CPU
		{98E86F7F-343B-4288-80C0-7279384AD189}.Release|Any CPU.Build.0 = Release|Any CPU
		{F1F3DD73-C32D-4AB7-AA6B-2FAED7C174F9}.Debug|Any CPU.ActiveCfg = Debug|Any CPU
		{F1F3DD73-C32D-4AB7-AA6B-2FAED7C174F9}.Debug|Any CPU.Build.0 = Debug|Any CPU
		{F1F3DD73-C32D-4AB7-AA6B-2FAED7C174F9}.Release|Any CPU.ActiveCfg = Release|Any CPU
		{F1F3DD73-C32D-4AB7-AA6B-2FAED7C174F9}.Release|Any CPU.Build.0 = Release|Any CPU
		{02D7B78F-7BB3-42AE-AE88-F1B6BAD27F59}.Debug|Any CPU.ActiveCfg = Debug|Any CPU
		{02D7B78F-7BB3-42AE-AE88-F1B6BAD27F59}.Debug|Any CPU.Build.0 = Debug|Any CPU
		{02D7B78F-7BB3-42AE-AE88-F1B6BAD27F59}.Release|Any CPU.ActiveCfg = Release|Any CPU
		{02D7B78F-7BB3-42AE-AE88-F1B6BAD27F59}.Release|Any CPU.Build.0 = Release|Any CPU
	EndGlobalSection
	GlobalSection(SolutionProperties) = preSolution
		HideSolutionNode = FALSE
	EndGlobalSection
	GlobalSection(NestedProjects) = preSolution
		{87A64277-8B41-4900-8207-0487B9EF7531} = {4D3C7B57-BAC2-46D1-9991-9E7556AA982C}
		{421CA3BF-EEB7-418C-9244-2DC93A59409C} = {4D3C7B57-BAC2-46D1-9991-9E7556AA982C}
		{493DCE75-051C-4902-A098-2D69CC455310} = {421CA3BF-EEB7-418C-9244-2DC93A59409C}
		{A563FD75-36A6-47AB-8C74-08281059089F} = {87A64277-8B41-4900-8207-0487B9EF7531}
		{98E86F7F-343B-4288-80C0-7279384AD189} = {12E87AAC-C27A-40A1-BBB8-177CF2D983C6}
		{BA0A137C-50E1-4CF2-A96F-F13BAE68225A} = {4D3C7B57-BAC2-46D1-9991-9E7556AA982C}
		{F1F3DD73-C32D-4AB7-AA6B-2FAED7C174F9} = {BA0A137C-50E1-4CF2-A96F-F13BAE68225A}
		{004D921F-AA20-4389-9608-7ECBF2A19DDB} = {4D3C7B57-BAC2-46D1-9991-9E7556AA982C}
		{02D7B78F-7BB3-42AE-AE88-F1B6BAD27F59} = {004D921F-AA20-4389-9608-7ECBF2A19DDB}
	EndGlobalSection
	GlobalSection(ExtensibilityGlobals) = postSolution
		SolutionGuid = {6F3A1CD7-A6C9-4DA4-B056-C92C7BE8806A}
	EndGlobalSection
EndGlobal
